
Microsoft Visual Studio Solution File, Format Version 12.00
# Visual Studio Version 16
VisualStudioVersion = 16.0.29102.190
MinimumVisualStudioVersion = 10.0.40219.1
Project("{FAE04EC0-301F-11D3-BF4B-00C04F79EFBC}") = "ManagementApiExecute", "ManagementApiExecute\ManagementApiExecute.csproj", "{4DCBCDAF-5EFD-4EF8-A14D-CE898743BE9D}"
EndProject
Global
	GlobalSection(SolutionConfigurationPlatforms) = preSolution
		Debug|Any CPU = Debug|Any CPU
		Release|Any CPU = Release|Any CPU
	EndGlobalSection
	GlobalSection(ProjectConfigurationPlatforms) = postSolution
		{4DCBCDAF-5EFD-4EF8-A14D-CE898743BE9D}.Debug|Any CPU.ActiveCfg = Debug|Any CPU
		{4DCBCDAF-5EFD-4EF8-A14D-CE898743BE9D}.Debug|Any CPU.Build.0 = Debug|Any CPU
		{4DCBCDAF-5EFD-4EF8-A14D-CE898743BE9D}.Release|Any CPU.ActiveCfg = Release|Any CPU
		{4DCBCDAF-5EFD-4EF8-A14D-CE898743BE9D}.Release|Any CPU.Build.0 = Release|Any CPU
	EndGlobalSection
	GlobalSection(SolutionProperties) = preSolution
		HideSolutionNode = FALSE
	EndGlobalSection
	GlobalSection(ExtensibilityGlobals) = postSolution
		SolutionGuid = {533172CF-3EB1-4679-8E16-C7286C46984E}
	EndGlobalSection
EndGlobal
